
Microsoft Visual Studio Solution File, Format Version 11.00
# Visual Studio 2010
Project("{8BC9CEB8-8B4A-11D0-8D11-00A0C91BC942}") = "bejeweled", "bejeweled\bejeweled.vcxproj", "{D33B0277-B69C-4FAB-8628-C2FB393C143C}"
EndProject
Global
	GlobalSection(SolutionConfigurationPlatforms) = preSolution
		Debug|Win32 = Debug|Win32
		Release|Win32 = Release|Win32
	EndGlobalSection
	GlobalSection(ProjectConfigurationPlatforms) = postSolution
		{D33B0277-B69C-4FAB-8628-C2FB393C143C}.Debug|Win32.ActiveCfg = Debug|Win32
		{D33B0277-B69C-4FAB-8628-C2FB393C143C}.Debug|Win32.Build.0 = Debug|Win32
		{D33B0277-B69C-4FAB-8628-C2FB393C143C}.Release|Win32.ActiveCfg = Release|Win32
		{D33B0277-B69C-4FAB-8628-C2FB393C143C}.Release|Win32.Build.0 = Release|Win32
	EndGlobalSection
	GlobalSection(SolutionProperties) = preSolution
		HideSolutionNode = FALSE
	EndGlobalSection
EndGlobal
